
Microsoft Visual Studio Solution File, Format Version 12.00
# Visual Studio Version 17
VisualStudioVersion = 17.4.33213.308
MinimumVisualStudioVersion = 10.0.40219.1
Project("{9A19103F-16F7-4668-BE54-9A1E7A4F7556}") = "FeatureApp", "FeatureApp\FeatureApp.csproj", "{A861D63E-BC33-4841-B0D4-877158ACF770}"
EndProject
Global
	GlobalSection(SolutionConfigurationPlatforms) = preSolution
		Debug|Any CPU = Debug|Any CPU
		Release|Any CPU = Release|Any CPU
	EndGlobalSection
	GlobalSection(ProjectConfigurationPlatforms) = postSolution
		{A861D63E-BC33-4841-B0D4-877158ACF770}.Debug|Any CPU.ActiveCfg = Debug|Any CPU
		{A861D63E-BC33-4841-B0D4-877158ACF770}.Debug|Any CPU.Build.0 = Debug|Any CPU
		{A861D63E-BC33-4841-B0D4-877158ACF770}.Release|Any CPU.ActiveCfg = Release|Any CPU
		{A861D63E-BC33-4841-B0D4-877158ACF770}.Release|Any CPU.Build.0 = Release|Any CPU
	EndGlobalSection
	GlobalSection(SolutionProperties) = preSolution
		HideSolutionNode = FALSE
	EndGlobalSection
	GlobalSection(ExtensibilityGlobals) = postSolution
		SolutionGuid = {17015DC8-40AB-4AA7-AFB7-EBF6B46A4D8D}
	EndGlobalSection
EndGlobal
